
Microsoft Visual Studio Solution File, Format Version 12.00
# Visual Studio Version 17
VisualStudioVersion = 17.2.32526.322
MinimumVisualStudioVersion = 10.0.40219.1
Project("{FAE04EC0-301F-11D3-BF4B-00C04F79EFBC}") = "ChattyApp.Server", "ChattyApp\Server\ChattyApp.Server.csproj", "{E5BD3FED-124E-4B60-B486-93ED9B1028DB}"
EndProject
Project("{FAE04EC0-301F-11D3-BF4B-00C04F79EFBC}") = "ChattyApp.Client", "ChattyApp\Client\ChattyApp.Client.csproj", "{CC3A5253-847B-47E8-8644-E7DB9910808A}"
EndProject
Project("{FAE04EC0-301F-11D3-BF4B-00C04F79EFBC}") = "ChattyApp.Shared", "ChattyApp\Shared\ChattyApp.Shared.csproj", "{7511B8AE-B85E-4C97-B8F3-0BF12BD3F741}"
EndProject
Global
	GlobalSection(SolutionConfigurationPlatforms) = preSolution
		Debug|Any CPU = Debug|Any CPU
		Release|Any CPU = Release|Any CPU
	EndGlobalSection
	GlobalSection(ProjectConfigurationPlatforms) = postSolution
		{E5BD3FED-124E-4B60-B486-93ED9B1028DB}.Debug|Any CPU.ActiveCfg = Debug|Any CPU
		{E5BD3FED-124E-4B60-B486-93ED9B1028DB}.Debug|Any CPU.Build.0 = Debug|Any CPU
		{E5BD3FED-124E-4B60-B486-93ED9B1028DB}.Release|Any CPU.ActiveCfg = Release|Any CPU
		{E5BD3FED-124E-4B60-B486-93ED9B1028DB}.Release|Any CPU.Build.0 = Release|Any CPU
		{CC3A5253-847B-47E8-8644-E7DB9910808A}.Debug|Any CPU.ActiveCfg = Debug|Any CPU
		{CC3A5253-847B-47E8-8644-E7DB9910808A}.Debug|Any CPU.Build.0 = Debug|Any CPU
		{CC3A5253-847B-47E8-8644-E7DB9910808A}.Release|Any CPU.ActiveCfg = Release|Any CPU
		{CC3A5253-847B-47E8-8644-E7DB9910808A}.Release|Any CPU.Build.0 = Release|Any CPU
		{7511B8AE-B85E-4C97-B8F3-0BF12BD3F741}.Debug|Any CPU.ActiveCfg = Debug|Any CPU
		{7511B8AE-B85E-4C97-B8F3-0BF12BD3F741}.Debug|Any CPU.Build.0 = Debug|Any CPU
		{7511B8AE-B85E-4C97-B8F3-0BF12BD3F741}.Release|Any CPU.ActiveCfg = Release|Any CPU
		{7511B8AE-B85E-4C97-B8F3-0BF12BD3F741}.Release|Any CPU.Build.0 = Release|Any CPU
	EndGlobalSection
	GlobalSection(SolutionProperties) = preSolution
		HideSolutionNode = FALSE
	EndGlobalSection
	GlobalSection(ExtensibilityGlobals) = postSolution
		SolutionGuid = {415BFC5A-205C-44EF-B21B-8F9BEAC76CD0}
	EndGlobalSection
EndGlobal
